
Microsoft Visual Studio Solution File, Format Version 12.00
# Visual Studio Version 17
VisualStudioVersion = 17.5.002.0
MinimumVisualStudioVersion = 10.0.40219.1
Project("{9A19103F-16F7-4668-BE54-9A1E7A4F7556}") = "OsuMapGenerator", "OsuMapGenerator.csproj", "{D72FCE1D-4676-43A0-A44F-BEB400040E7D}"
EndProject
Global
	GlobalSection(SolutionConfigurationPlatforms) = preSolution
		Debug|Any CPU = Debug|Any CPU
		Release|Any CPU = Release|Any CPU
	EndGlobalSection
	GlobalSection(ProjectConfigurationPlatforms) = postSolution
		{D72FCE1D-4676-43A0-A44F-BEB400040E7D}.Debug|Any CPU.ActiveCfg = Debug|Any CPU
		{D72FCE1D-4676-43A0-A44F-BEB400040E7D}.Debug|Any CPU.Build.0 = Debug|Any CPU
		{D72FCE1D-4676-43A0-A44F-BEB400040E7D}.Release|Any CPU.ActiveCfg = Release|Any CPU
		{D72FCE1D-4676-43A0-A44F-BEB400040E7D}.Release|Any CPU.Build.0 = Release|Any CPU
	EndGlobalSection
	GlobalSection(SolutionProperties) = preSolution
		HideSolutionNode = FALSE
	EndGlobalSection
	GlobalSection(ExtensibilityGlobals) = postSolution
		SolutionGuid = {26545287-C9A8-45DB-8E6C-C335BDABB1EE}
	EndGlobalSection
EndGlobal
